
Microsoft Visual Studio Solution File, Format Version 12.00
# Visual Studio Version 16
VisualStudioVersion = 16.0.30128.74
MinimumVisualStudioVersion = 10.0.40219.1
Project("{FAE04EC0-301F-11D3-BF4B-00C04F79EFBC}") = "Git_Testing", "Git_Testing.csproj", "{DD866A0E-6E93-44A5-8930-9D0DD4DC52FE}"
EndProject
Global
	GlobalSection(SolutionConfigurationPlatforms) = preSolution
		Debug|Any CPU = Debug|Any CPU
		Release|Any CPU = Release|Any CPU
	EndGlobalSection
	GlobalSection(ProjectConfigurationPlatforms) = postSolution
		{DD866A0E-6E93-44A5-8930-9D0DD4DC52FE}.Debug|Any CPU.ActiveCfg = Debug|Any CPU
		{DD866A0E-6E93-44A5-8930-9D0DD4DC52FE}.Debug|Any CPU.Build.0 = Debug|Any CPU
		{DD866A0E-6E93-44A5-8930-9D0DD4DC52FE}.Release|Any CPU.ActiveCfg = Release|Any CPU
		{DD866A0E-6E93-44A5-8930-9D0DD4DC52FE}.Release|Any CPU.Build.0 = Release|Any CPU
	EndGlobalSection
	GlobalSection(SolutionProperties) = preSolution
		HideSolutionNode = FALSE
	EndGlobalSection
	GlobalSection(ExtensibilityGlobals) = postSolution
		SolutionGuid = {A2F642B4-7770-44A6-8F6E-62EA4F9B755B}
	EndGlobalSection
EndGlobal
